
Microsoft Visual Studio Solution File, Format Version 12.00
# Visual Studio 2013
VisualStudioVersion = 12.0.31101.0
MinimumVisualStudioVersion = 10.0.40219.1
Project("{F184B08F-C81C-45F6-A57F-5ABD9991F28F}") = "MUPIS", "MUPIS\MUPIS.vbproj", "{4759A4F4-3CBF-4003-A29F-FC435F08BEF1}"
EndProject
Global
	GlobalSection(SolutionConfigurationPlatforms) = preSolution
		Debug|Any CPU = Debug|Any CPU
		Release|Any CPU = Release|Any CPU
	EndGlobalSection
	GlobalSection(ProjectConfigurationPlatforms) = postSolution
		{4759A4F4-3CBF-4003-A29F-FC435F08BEF1}.Debug|Any CPU.ActiveCfg = Debug|Any CPU
		{4759A4F4-3CBF-4003-A29F-FC435F08BEF1}.Debug|Any CPU.Build.0 = Debug|Any CPU
		{4759A4F4-3CBF-4003-A29F-FC435F08BEF1}.Release|Any CPU.ActiveCfg = Release|Any CPU
		{4759A4F4-3CBF-4003-A29F-FC435F08BEF1}.Release|Any CPU.Build.0 = Release|Any CPU
	EndGlobalSection
	GlobalSection(SolutionProperties) = preSolution
		HideSolutionNode = FALSE
	EndGlobalSection
EndGlobal
